
Microsoft Visual Studio Solution File, Format Version 12.00
# Visual Studio Version 16
VisualStudioVersion = 16.0.33529.622
MinimumVisualStudioVersion = 10.0.40219.1
Project("{FAE04EC0-301F-11D3-BF4B-00C04F79EFBC}") = "SantaQuest", "SantaQuest.csproj", "{9A743E4B-ABE2-45EA-9473-CBE637BB6093}"
EndProject
Global
	GlobalSection(SolutionConfigurationPlatforms) = preSolution
		Debug|Any CPU = Debug|Any CPU
		Release|Any CPU = Release|Any CPU
	EndGlobalSection
	GlobalSection(ProjectConfigurationPlatforms) = postSolution
		{9A743E4B-ABE2-45EA-9473-CBE637BB6093}.Debug|Any CPU.ActiveCfg = Debug|Any CPU
		{9A743E4B-ABE2-45EA-9473-CBE637BB6093}.Debug|Any CPU.Build.0 = Debug|Any CPU
		{9A743E4B-ABE2-45EA-9473-CBE637BB6093}.Release|Any CPU.ActiveCfg = Release|Any CPU
		{9A743E4B-ABE2-45EA-9473-CBE637BB6093}.Release|Any CPU.Build.0 = Release|Any CPU
	EndGlobalSection
	GlobalSection(SolutionProperties) = preSolution
		HideSolutionNode = FALSE
	EndGlobalSection
	GlobalSection(ExtensibilityGlobals) = postSolution
		SolutionGuid = {7AF0A038-307C-4E35-86B3-D52667069FB9}
	EndGlobalSection
EndGlobal
